
Microsoft Visual Studio Solution File, Format Version 12.00
# Visual Studio Version 16
VisualStudioVersion = 16.0.30611.23
MinimumVisualStudioVersion = 10.0.40219.1
Project("{8BC9CEB8-8B4A-11D0-8D11-00A0C91BC942}") = "_00_about_cpp", "_00_about_cpp\_00_about_cpp.vcxproj", "{6AB36B3C-0DA0-472E-9DA9-C1769B094C2C}"
EndProject
Project("{8BC9CEB8-8B4A-11D0-8D11-00A0C91BC942}") = "_01_basic_1", "_01_basic_1\_01_basic_1.vcxproj", "{6ECBE22F-4FD7-46FA-8909-2F9939018ED3}"
EndProject
Project("{8BC9CEB8-8B4A-11D0-8D11-00A0C91BC942}") = "_02_basic_2", "_02_basic_2\_02_basic_2.vcxproj", "{561092E1-607C-421D-B9F7-99C58F8E5F30}"
EndProject
Project("{8BC9CEB8-8B4A-11D0-8D11-00A0C91BC942}") = "_03_function", "_03_function\_03_function.vcxproj", "{34B058BC-E352-4757-8029-42A8FECA2542}"
EndProject
Project("{8BC9CEB8-8B4A-11D0-8D11-00A0C91BC942}") = "_04_class_object_1", "_04_class_object_1\_04_class_object_1.vcxproj", "{EA06191D-6437-4E2B-AC5E-25F153E003A6}"
EndProject
Project("{8BC9CEB8-8B4A-11D0-8D11-00A0C91BC942}") = "_05_class_object_2", "_05_class_object_2\_05_class_object_2.vcxproj", "{6BEB5114-BB37-43D0-A8F7-832F18649A44}"
EndProject
Project("{8BC9CEB8-8B4A-11D0-8D11-00A0C91BC942}") = "_06_class_object_3", "_06_class_object_3\_06_class_object_3.vcxproj", "{C3F62057-C419-4AE3-A168-93059F83E8BD}"
EndProject
Project("{8BC9CEB8-8B4A-11D0-8D11-00A0C91BC942}") = "_07_operator_overloading_1", "_07_operator_overloading_1\_07_operator_overloading_1.vcxproj", "{CD15EB9C-08C8-4DFD-AD40-9C66697279AB}"
EndProject
Project("{8BC9CEB8-8B4A-11D0-8D11-00A0C91BC942}") = "_08_operator_overloading_2", "_08_operator_overloading_2\_08_operator_overloading_2.vcxproj", "{4BEB0CE0-AF4E-4E79-86BB-9A5F9AACD1CB}"
EndProject
Project("{8BC9CEB8-8B4A-11D0-8D11-00A0C91BC942}") = "_09_inheritance_1", "_09_inheritance_1\_09_inheritance_1.vcxproj", "{21C53EE1-30DC-48BC-B7C7-D563575505EC}"
EndProject
Project("{8BC9CEB8-8B4A-11D0-8D11-00A0C91BC942}") = "_10_inheritance_2", "_10_inheritance_2\_10_inheritance_2.vcxproj", "{9A33856B-6593-46AD-8C18-2D2C7895C8BB}"
EndProject
Project("{8BC9CEB8-8B4A-11D0-8D11-00A0C91BC942}") = "_11_inheritance_3", "_11_inheritance_3\_11_inheritance_3.vcxproj", "{93F2A308-B167-4F7A-983E-131FD188FBDB}"
EndProject
Project("{8BC9CEB8-8B4A-11D0-8D11-00A0C91BC942}") = "_12_template_1", "_12_template_1\_12_template_1.vcxproj", "{D4874F2B-4E54-4CCD-9A08-D31F75634B83}"
EndProject
Project("{8BC9CEB8-8B4A-11D0-8D11-00A0C91BC942}") = "_13_template_2", "_13_template_2\_13_template_2.vcxproj", "{38CB65BE-1356-4D84-BCC3-72961716A5A4}"
EndProject
Project("{8BC9CEB8-8B4A-11D0-8D11-00A0C91BC942}") = "_14_exception", "_14_exception\_14_exception.vcxproj", "{DC42910D-A5A6-4A1C-B8C0-4719EEE7FA56}"
EndProject
Project("{8BC9CEB8-8B4A-11D0-8D11-00A0C91BC942}") = "_15_Polygon", "_15_Polygon\_15_Polygon.vcxproj", "{7F3C4AE0-DEBB-4B24-8CC8-DB62BC186836}"
EndProject
Global
	GlobalSection(SolutionConfigurationPlatforms) = preSolution
		Debug|x64 = Debug|x64
		Debug|x86 = Debug|x86
		Release|x64 = Release|x64
		Release|x86 = Release|x86
	EndGlobalSection
	GlobalSection(ProjectConfigurationPlatforms) = postSolution
		{6AB36B3C-0DA0-472E-9DA9-C1769B094C2C}.Debug|x64.ActiveCfg = Debug|x64
		{6AB36B3C-0DA0-472E-9DA9-C1769B094C2C}.Debug|x64.Build.0 = Debug|x64
		{6AB36B3C-0DA0-472E-9DA9-C1769B094C2C}.Debug|x86.ActiveCfg = Debug|Win32
		{6AB36B3C-0DA0-472E-9DA9-C1769B094C2C}.Debug|x86.Build.0 = Debug|Win32
		{6AB36B3C-0DA0-472E-9DA9-C1769B094C2C}.Release|x64.ActiveCfg = Release|x64
		{6AB36B3C-0DA0-472E-9DA9-C1769B094C2C}.Release|x64.Build.0 = Release|x64
		{6AB36B3C-0DA0-472E-9DA9-C1769B094C2C}.Release|x86.ActiveCfg = Release|Win32
		{6AB36B3C-0DA0-472E-9DA9-C1769B094C2C}.Release|x86.Build.0 = Release|Win32
		{6ECBE22F-4FD7-46FA-8909-2F9939018ED3}.Debug|x64.ActiveCfg = Debug|x64
		{6ECBE22F-4FD7-46FA-8909-2F9939018ED3}.Debug|x64.Build.0 = Debug|x64
		{6ECBE22F-4FD7-46FA-8909-2F9939018ED3}.Debug|x86.ActiveCfg = Debug|Win32
		{6ECBE22F-4FD7-46FA-8909-2F9939018ED3}.Debug|x86.Build.0 = Debug|Win32
		{6ECBE22F-4FD7-46FA-8909-2F9939018ED3}.Release|x64.ActiveCfg = Release|x64
		{6ECBE22F-4FD7-46FA-8909-2F9939018ED3}.Release|x64.Build.0 = Release|x64
		{6ECBE22F-4FD7-46FA-8909-2F9939018ED3}.Release|x86.ActiveCfg = Release|Win32
		{6ECBE22F-4FD7-46FA-8909-2F9939018ED3}.Release|x86.Build.0 = Release|Win32
		{561092E1-607C-421D-B9F7-99C58F8E5F30}.Debug|x64.ActiveCfg = Debug|x64
		{561092E1-607C-421D-B9F7-99C58F8E5F30}.Debug|x64.Build.0 = Debug|x64
		{561092E1-607C-421D-B9F7-99C58F8E5F30}.Debug|x86.ActiveCfg = Debug|Win32
		{561092E1-607C-421D-B9F7-99C58F8E5F30}.Debug|x86.Build.0 = Debug|Win32
		{561092E1-607C-421D-B9F7-99C58F8E5F30}.Release|x64.ActiveCfg = Release|x64
		{561092E1-607C-421D-B9F7-99C58F8E5F30}.Release|x64.Build.0 = Release|x64
		{561092E1-607C-421D-B9F7-99C58F8E5F30}.Release|x86.ActiveCfg = Release|Win32
		{561092E1-607C-421D-B9F7-99C58F8E5F30}.Release|x86.Build.0 = Release|Win32
		{34B058BC-E352-4757-8029-42A8FECA2542}.Debug|x64.ActiveCfg = Debug|x64
		{34B058BC-E352-4757-8029-42A8FECA2542}.Debug|x64.Build.0 = Debug|x64
		{34B058BC-E352-4757-8029-42A8FECA2542}.Debug|x86.ActiveCfg = Debug|Win32
		{34B058BC-E352-4757-8029-42A8FECA2542}.Debug|x86.Build.0 = Debug|Win32
		{34B058BC-E352-4757-8029-42A8FECA2542}.Release|x64.ActiveCfg = Release|x64
		{34B058BC-E352-4757-8029-42A8FECA2542}.Release|x64.Build.0 = Release|x64
		{34B058BC-E352-4757-8029-42A8FECA2542}.Release|x86.ActiveCfg = Release|Win32
		{34B058BC-E352-4757-8029-42A8FECA2542}.Release|x86.Build.0 = Release|Win32
		{EA06191D-6437-4E2B-AC5E-25F153E003A6}.Debug|x64.ActiveCfg = Debug|x64
		{EA06191D-6437-4E2B-AC5E-25F153E003A6}.Debug|x64.Build.0 = Debug|x64
		{EA06191D-6437-4E2B-AC5E-25F153E003A6}.Debug|x86.ActiveCfg = Debug|Win32
		{EA06191D-6437-4E2B-AC5E-25F153E003A6}.Debug|x86.Build.0 = Debug|Win32
		{EA06191D-6437-4E2B-AC5E-25F153E003A6}.Release|x64.ActiveCfg = Release|x64
		{EA06191D-6437-4E2B-AC5E-25F153E003A6}.Release|x64.Build.0 = Release|x64
		{EA06191D-6437-4E2B-AC5E-25F153E003A6}.Release|x86.ActiveCfg = Release|Win32
		{EA06191D-6437-4E2B-AC5E-25F153E003A6}.Release|x86.Build.0 = Release|Win32
		{6BEB5114-BB37-43D0-A8F7-832F18649A44}.Debug|x64.ActiveCfg = Debug|x64
		{6BEB5114-BB37-43D0-A8F7-832F18649A44}.Debug|x64.Build.0 = Debug|x64
		{6BEB5114-BB37-43D0-A8F7-832F18649A44}.Debug|x86.ActiveCfg = Debug|Win32
		{6BEB5114-BB37-43D0-A8F7-832F18649A44}.Debug|x86.Build.0 = Debug|Win32
		{6BEB5114-BB37-43D0-A8F7-832F18649A44}.Release|x64.ActiveCfg = Release|x64
		{6BEB5114-BB37-43D0-A8F7-832F18649A44}.Release|x64.Build.0 = Release|x64
		{6BEB5114-BB37-43D0-A8F7-832F18649A44}.Release|x86.ActiveCfg = Release|Win32
		{6BEB5114-BB37-43D0-A8F7-832F18649A44}.Release|x86.Build.0 = Release|Win32
		{C3F62057-C419-4AE3-A168-93059F83E8BD}.Debug|x64.ActiveCfg = Debug|x64
		{C3F62057-C419-4AE3-A168-93059F83E8BD}.Debug|x64.Build.0 = Debug|x64
		{C3F62057-C419-4AE3-A168-93059F83E8BD}.Debug|x86.ActiveCfg = Debug|Win32
		{C3F62057-C419-4AE3-A168-93059F83E8BD}.Debug|x86.Build.0 = Debug|Win32
		{C3F62057-C419-4AE3-A168-93059F83E8BD}.Release|x64.ActiveCfg = Release|x64
		{C3F62057-C419-4AE3-A168-93059F83E8BD}.Release|x64.Build.0 = Release|x64
		{C3F62057-C419-4AE3-A168-93059F83E8BD}.Release|x86.ActiveCfg = Release|Win32
		{C3F62057-C419-4AE3-A168-93059F83E8BD}.Release|x86.Build.0 = Release|Win32
		{CD15EB9C-08C8-4DFD-AD40-9C66697279AB}.Debug|x64.ActiveCfg = Debug|x64
		{CD15EB9C-08C8-4DFD-AD40-9C66697279AB}.Debug|x64.Build.0 = Debug|x64
		{CD15EB9C-08C8-4DFD-AD40-9C66697279AB}.Debug|x86.ActiveCfg = Debug|Win32
		{CD15EB9C-08C8-4DFD-AD40-9C66697279AB}.Debug|x86.Build.0 = Debug|Win32
		{CD15EB9C-08C8-4DFD-AD40-9C66697279AB}.Release|x64.ActiveCfg = Release|x64
		{CD15EB9C-08C8-4DFD-AD40-9C66697279AB}.Release|x64.Build.0 = Release|x64
		{CD15EB9C-08C8-4DFD-AD40-9C66697279AB}.Release|x86.ActiveCfg = Release|Win32
		{CD15EB9C-08C8-4DFD-AD40-9C66697279AB}.Release|x86.Build.0 = Release|Win32
		{4BEB0CE0-AF4E-4E79-86BB-9A5F9AACD1CB}.Debug|x64.ActiveCfg = Debug|x64
		{4BEB0CE0-AF4E-4E79-86BB-9A5F9AACD1CB}.Debug|x64.Build.0 = Debug|x64
		{4BEB0CE0-AF4E-4E79-86BB-9A5F9AACD1CB}.Debug|x86.ActiveCfg = Debug|Win32
		{4BEB0CE0-AF4E-4E79-86BB-9A5F9AACD1CB}.Debug|x86.Build.0 = Debug|Win32
		{4BEB0CE0-AF4E-4E79-86BB-9A5F9AACD1CB}.Release|x64.ActiveCfg = Release|x64
		{4BEB0CE0-AF4E-4E79-86BB-9A5F9AACD1CB}.Release|x64.Build.0 = Release|x64
		{4BEB0CE0-AF4E-4E79-86BB-9A5F9AACD1CB}.Release|x86.ActiveCfg = Release|Win32
		{4BEB0CE0-AF4E-4E79-86BB-9A5F9AACD1CB}.Release|x86.Build.0 = Release|Win32
		{21C53EE1-30DC-48BC-B7C7-D563575505EC}.Debug|x64.ActiveCfg = Debug|x64
		{21C53EE1-30DC-48BC-B7C7-D563575505EC}.Debug|x64.Build.0 = Debug|x64
		{21C53EE1-30DC-48BC-B7C7-D563575505EC}.Debug|x86.ActiveCfg = Debug|Win32
		{21C53EE1-30DC-48BC-B7C7-D563575505EC}.Debug|x86.Build.0 = Debug|Win32
		{21C53EE1-30DC-48BC-B7C7-D563575505EC}.Release|x64.ActiveCfg = Release|x64
		{21C53EE1-30DC-48BC-B7C7-D563575505EC}.Release|x64.Build.0 = Release|x64
		{21C53EE1-30DC-48BC-B7C7-D563575505EC}.Release|x86.ActiveCfg = Release|Win32
		{21C53EE1-30DC-48BC-B7C7-D563575505EC}.Release|x86.Build.0 = Release|Win32
		{9A33856B-6593-46AD-8C18-2D2C7895C8BB}.Debug|x64.ActiveCfg = Debug|x64
		{9A33856B-6593-46AD-8C18-2D2C7895C8BB}.Debug|x64.Build.0 = Debug|x64
		{9A33856B-6593-46AD-8C18-2D2C7895C8BB}.Debug|x86.ActiveCfg = Debug|Win32
		{9A33856B-6593-46AD-8C18-2D2C7895C8BB}.Debug|x86.Build.0 = Debug|Win32
		{9A33856B-6593-46AD-8C18-2D2C7895C8BB}.Release|x64.ActiveCfg = Release|x64
		{9A33856B-6593-46AD-8C18-2D2C7895C8BB}.Release|x64.Build.0 = Release|x64
		{9A33856B-6593-46AD-8C18-2D2C7895C8BB}.Release|x86.ActiveCfg = Release|Win32
		{9A33856B-6593-46AD-8C18-2D2C7895C8BB}.Release|x86.Build.0 = Release|Win32
		{93F2A308-B167-4F7A-983E-131FD188FBDB}.Debug|x64.ActiveCfg = Debug|x64
		{93F2A308-B167-4F7A-983E-131FD188FBDB}.Debug|x64.Build.0 = Debug|x64
		{93F2A308-B167-4F7A-983E-131FD188FBDB}.Debug|x86.ActiveCfg = Debug|Win32
		{93F2A308-B167-4F7A-983E-131FD188FBDB}.Debug|x86.Build.0 = Debug|Win32
		{93F2A308-B167-4F7A-983E-131FD188FBDB}.Release|x64.ActiveCfg = Release|x64
		{93F2A308-B167-4F7A-983E-131FD188FBDB}.Release|x64.Build.0 = Release|x64
		{93F2A308-B167-4F7A-983E-131FD188FBDB}.Release|x86.ActiveCfg = Release|Win32
		{93F2A308-B167-4F7A-983E-131FD188FBDB}.Release|x86.Build.0 = Release|Win32
		{D4874F2B-4E54-4CCD-9A08-D31F75634B83}.Debug|x64.ActiveCfg = Debug|x64
		{D4874F2B-4E54-4CCD-9A08-D31F75634B83}.Debug|x64.Build.0 = Debug|x64
		{D4874F2B-4E54-4CCD-9A08-D31F75634B83}.Debug|x86.ActiveCfg = Debug|Win32
		{D4874F2B-4E54-4CCD-9A08-D31F75634B83}.Debug|x86.Build.0 = Debug|Win32
		{D4874F2B-4E54-4CCD-9A08-D31F75634B83}.Release|x64.ActiveCfg = Release|x64
		{D4874F2B-4E54-4CCD-9A08-D31F75634B83}.Release|x64.Build.0 = Release|x64
		{D4874F2B-4E54-4CCD-9A08-D31F75634B83}.Release|x86.ActiveCfg = Release|Win32
		{D4874F2B-4E54-4CCD-9A08-D31F75634B83}.Release|x86.Build.0 = Release|Win32
		{38CB65BE-1356-4D84-BCC3-72961716A5A4}.Debug|x64.ActiveCfg = Debug|x64
		{38CB65BE-1356-4D84-BCC3-72961716A5A4}.Debug|x64.Build.0 = Debug|x64
		{38CB65BE-1356-4D84-BCC3-72961716A5A4}.Debug|x86.ActiveCfg = Debug|Win32
		{38CB65BE-1356-4D84-BCC3-72961716A5A4}.Debug|x86.Build.0 = Debug|Win32
		{38CB65BE-1356-4D84-BCC3-72961716A5A4}.Release|x64.ActiveCfg = Release|x64
		{38CB65BE-1356-4D84-BCC3-72961716A5A4}.Release|x64.Build.0 = Release|x64
		{38CB65BE-1356-4D84-BCC3-72961716A5A4}.Release|x86.ActiveCfg = Release|Win32
		{38CB65BE-1356-4D84-BCC3-72961716A5A4}.Release|x86.Build.0 = Release|Win32
		{DC42910D-A5A6-4A1C-B8C0-4719EEE7FA56}.Debug|x64.ActiveCfg = Debug|x64
		{DC42910D-A5A6-4A1C-B8C0-4719EEE7FA56}.Debug|x64.Build.0 = Debug|x64
		{DC42910D-A5A6-4A1C-B8C0-4719EEE7FA56}.Debug|x86.ActiveCfg = Debug|Win32
		{DC42910D-A5A6-4A1C-B8C0-4719EEE7FA56}.Debug|x86.Build.0 = Debug|Win32
		{DC42910D-A5A6-4A1C-B8C0-4719EEE7FA56}.Release|x64.ActiveCfg = Release|x64
		{DC42910D-A5A6-4A1C-B8C0-4719EEE7FA56}.Release|x64.Build.0 = Release|x64
		{DC42910D-A5A6-4A1C-B8C0-4719EEE7FA56}.Release|x86.ActiveCfg = Release|Win32
		{DC42910D-A5A6-4A1C-B8C0-4719EEE7FA56}.Release|x86.Build.0 = Release|Win32
		{7F3C4AE0-DEBB-4B24-8CC8-DB62BC186836}.Debug|x64.ActiveCfg = Debug|x64
		{7F3C4AE0-DEBB-4B24-8CC8-DB62BC186836}.Debug|x64.Build.0 = Debug|x64
		{7F3C4AE0-DEBB-4B24-8CC8-DB62BC186836}.Debug|x86.ActiveCfg = Debug|Win32
		{7F3C4AE0-DEBB-4B24-8CC8-DB62BC186836}.Debug|x86.Build.0 = Debug|Win32
		{7F3C4AE0-DEBB-4B24-8CC8-DB62BC186836}.Release|x64.ActiveCfg = Release|x64
		{7F3C4AE0-DEBB-4B24-8CC8-DB62BC186836}.Release|x64.Build.0 = Release|x64
		{7F3C4AE0-DEBB-4B24-8CC8-DB62BC186836}.Release|x86.ActiveCfg = Release|Win32
		{7F3C4AE0-DEBB-4B24-8CC8-DB62BC186836}.Release|x86.Build.0 = Release|Win32
	EndGlobalSection
	GlobalSection(SolutionProperties) = preSolution
		HideSolutionNode = FALSE
	EndGlobalSection
	GlobalSection(ExtensibilityGlobals) = postSolution
		SolutionGuid = {5ECC7C71-42D7-46F7-A5CF-2E4494DD1AFB}
	EndGlobalSection
EndGlobal
